
Microsoft Visual Studio Solution File, Format Version 12.00
# Visual Studio Version 17
VisualStudioVersion = 17.8.34525.116
MinimumVisualStudioVersion = 10.0.40219.1
Project("{FAE04EC0-301F-11D3-BF4B-00C04F79EFBC}") = "GoalManagement", "GoalManagement\GoalManagement.csproj", "{C2FC9190-7D28-473B-9360-014FAE90CA9F}"
EndProject
Global
	GlobalSection(SolutionConfigurationPlatforms) = preSolution
		Debug|Any CPU = Debug|Any CPU
		Release|Any CPU = Release|Any CPU
	EndGlobalSection
	GlobalSection(ProjectConfigurationPlatforms) = postSolution
		{C2FC9190-7D28-473B-9360-014FAE90CA9F}.Debug|Any CPU.ActiveCfg = Debug|Any CPU
		{C2FC9190-7D28-473B-9360-014FAE90CA9F}.Debug|Any CPU.Build.0 = Debug|Any CPU
		{C2FC9190-7D28-473B-9360-014FAE90CA9F}.Release|Any CPU.ActiveCfg = Release|Any CPU
		{C2FC9190-7D28-473B-9360-014FAE90CA9F}.Release|Any CPU.Build.0 = Release|Any CPU
	EndGlobalSection
	GlobalSection(SolutionProperties) = preSolution
		HideSolutionNode = FALSE
	EndGlobalSection
	GlobalSection(ExtensibilityGlobals) = postSolution
		SolutionGuid = {86B8BC3C-CD45-431F-93BA-8AC567F41287}
	EndGlobalSection
EndGlobal
